
Microsoft Visual Studio Solution File, Format Version 12.00
# Visual Studio 15
VisualStudioVersion = 15.0.27703.1
MinimumVisualStudioVersion = 10.0.40219.1
Project("{2150E333-8FDC-42A3-9474-1A3956D46DE8}") = "Solution Items", "Solution Items", "{BFC0580B-4BBA-4687-BD14-2E4F5D1A292F}"
	ProjectSection(SolutionItems) = preProject
		ASPNetIdentityReadMe.txt = ASPNetIdentityReadMe.txt
		ReadMe.txt = ReadMe.txt
		TODO.txt = TODO.txt
	EndProjectSection
EndProject
Project("{2150E333-8FDC-42A3-9474-1A3956D46DE8}") = "src", "src", "{B7D81101-D718-475C-ADC6-76E7FCC0A277}"
EndProject
Project("{9A19103F-16F7-4668-BE54-9A1E7A4F7556}") = "CleanArchitecture.Core", "CleanArchitecture.Core\CleanArchitecture.Core.csproj", "{08E7B27D-61C6-4950-9CE3-3053562ABF73}"
EndProject
Project("{9A19103F-16F7-4668-BE54-9A1E7A4F7556}") = "CleanArchitecture.Infrastructure", "CleanArchitecture.Infrastructure\CleanArchitecture.Infrastructure.csproj", "{E5945105-D24B-41C3-B69A-C21287D953AF}"
EndProject
Project("{9A19103F-16F7-4668-BE54-9A1E7A4F7556}") = "CleanArchitecture.API", "CleanArchitecture.API\CleanArchitecture.API.csproj", "{A9E84C3C-C8EA-4E0D-8AF5-CDB4824228C3}"
EndProject
Project("{2150E333-8FDC-42A3-9474-1A3956D46DE8}") = "tests", "tests", "{0219A57C-0421-4160-9CFF-9270E8E09967}"
EndProject
Project("{9A19103F-16F7-4668-BE54-9A1E7A4F7556}") = "CleanArchitecture.Tests", "CleanArchitecture.Tests\CleanArchitecture.Tests.csproj", "{F0D2B04D-E252-4648-9FA7-B9D3236B2717}"
EndProject
Project("{9A19103F-16F7-4668-BE54-9A1E7A4F7556}") = "CleanArchitecture.Tests.integration", "CleanArchitecture.Tests.integration\CleanArchitecture.Tests.integration.csproj", "{B841DDA5-797D-4C3F-B43A-D41E3960CABF}"
EndProject
Global
	GlobalSection(SolutionConfigurationPlatforms) = preSolution
		Debug|Any CPU = Debug|Any CPU
		Release|Any CPU = Release|Any CPU
	EndGlobalSection
	GlobalSection(ProjectConfigurationPlatforms) = postSolution
		{08E7B27D-61C6-4950-9CE3-3053562ABF73}.Debug|Any CPU.ActiveCfg = Debug|Any CPU
		{08E7B27D-61C6-4950-9CE3-3053562ABF73}.Debug|Any CPU.Build.0 = Debug|Any CPU
		{08E7B27D-61C6-4950-9CE3-3053562ABF73}.Release|Any CPU.ActiveCfg = Release|Any CPU
		{08E7B27D-61C6-4950-9CE3-3053562ABF73}.Release|Any CPU.Build.0 = Release|Any CPU
		{E5945105-D24B-41C3-B69A-C21287D953AF}.Debug|Any CPU.ActiveCfg = Debug|Any CPU
		{E5945105-D24B-41C3-B69A-C21287D953AF}.Debug|Any CPU.Build.0 = Debug|Any CPU
		{E5945105-D24B-41C3-B69A-C21287D953AF}.Release|Any CPU.ActiveCfg = Release|Any CPU
		{E5945105-D24B-41C3-B69A-C21287D953AF}.Release|Any CPU.Build.0 = Release|Any CPU
		{A9E84C3C-C8EA-4E0D-8AF5-CDB4824228C3}.Debug|Any CPU.ActiveCfg = Debug|Any CPU
		{A9E84C3C-C8EA-4E0D-8AF5-CDB4824228C3}.Debug|Any CPU.Build.0 = Debug|Any CPU
		{A9E84C3C-C8EA-4E0D-8AF5-CDB4824228C3}.Release|Any CPU.ActiveCfg = Release|Any CPU
		{A9E84C3C-C8EA-4E0D-8AF5-CDB4824228C3}.Release|Any CPU.Build.0 = Release|Any CPU
		{F0D2B04D-E252-4648-9FA7-B9D3236B2717}.Debug|Any CPU.ActiveCfg = Debug|Any CPU
		{F0D2B04D-E252-4648-9FA7-B9D3236B2717}.Debug|Any CPU.Build.0 = Debug|Any CPU
		{F0D2B04D-E252-4648-9FA7-B9D3236B2717}.Release|Any CPU.ActiveCfg = Release|Any CPU
		{F0D2B04D-E252-4648-9FA7-B9D3236B2717}.Release|Any CPU.Build.0 = Release|Any CPU
		{B841DDA5-797D-4C3F-B43A-D41E3960CABF}.Debug|Any CPU.ActiveCfg = Debug|Any CPU
		{B841DDA5-797D-4C3F-B43A-D41E3960CABF}.Debug|Any CPU.Build.0 = Debug|Any CPU
		{B841DDA5-797D-4C3F-B43A-D41E3960CABF}.Release|Any CPU.ActiveCfg = Release|Any CPU
		{B841DDA5-797D-4C3F-B43A-D41E3960CABF}.Release|Any CPU.Build.0 = Release|Any CPU
	EndGlobalSection
	GlobalSection(SolutionProperties) = preSolution
		HideSolutionNode = FALSE
	EndGlobalSection
	GlobalSection(NestedProjects) = preSolution
		{08E7B27D-61C6-4950-9CE3-3053562ABF73} = {B7D81101-D718-475C-ADC6-76E7FCC0A277}
		{E5945105-D24B-41C3-B69A-C21287D953AF} = {B7D81101-D718-475C-ADC6-76E7FCC0A277}
		{A9E84C3C-C8EA-4E0D-8AF5-CDB4824228C3} = {B7D81101-D718-475C-ADC6-76E7FCC0A277}
		{F0D2B04D-E252-4648-9FA7-B9D3236B2717} = {0219A57C-0421-4160-9CFF-9270E8E09967}
		{B841DDA5-797D-4C3F-B43A-D41E3960CABF} = {0219A57C-0421-4160-9CFF-9270E8E09967}
	EndGlobalSection
	GlobalSection(ExtensibilityGlobals) = postSolution
		SolutionGuid = {B3448B31-EFBB-4450-A1CF-5325BF4D3ABD}
	EndGlobalSection
EndGlobal
